
Microsoft Visual Studio Solution File, Format Version 12.00
# Visual Studio Version 16
VisualStudioVersion = 16.0.30804.86
MinimumVisualStudioVersion = 10.0.40219.1
Project("{FAE04EC0-301F-11D3-BF4B-00C04F79EFBC}") = "RacoonLogin", "RacoonLogin\RacoonLogin.csproj", "{3731EAF2-2CF2-45BB-B06A-D91B19694471}"
EndProject
Global
	GlobalSection(SolutionConfigurationPlatforms) = preSolution
		Debug|Any CPU = Debug|Any CPU
		Release|Any CPU = Release|Any CPU
	EndGlobalSection
	GlobalSection(ProjectConfigurationPlatforms) = postSolution
		{3731EAF2-2CF2-45BB-B06A-D91B19694471}.Debug|Any CPU.ActiveCfg = Debug|Any CPU
		{3731EAF2-2CF2-45BB-B06A-D91B19694471}.Debug|Any CPU.Build.0 = Debug|Any CPU
		{3731EAF2-2CF2-45BB-B06A-D91B19694471}.Release|Any CPU.ActiveCfg = Release|Any CPU
		{3731EAF2-2CF2-45BB-B06A-D91B19694471}.Release|Any CPU.Build.0 = Release|Any CPU
	EndGlobalSection
	GlobalSection(SolutionProperties) = preSolution
		HideSolutionNode = FALSE
	EndGlobalSection
	GlobalSection(ExtensibilityGlobals) = postSolution
		SolutionGuid = {B37B7E89-84D2-406B-B7C5-96CDEBFE3777}
	EndGlobalSection
EndGlobal
